
Microsoft Visual Studio Solution File, Format Version 12.00
# Visual Studio Version 17
VisualStudioVersion = 17.9.34622.214
MinimumVisualStudioVersion = 10.0.40219.1
Project("{FAE04EC0-301F-11D3-BF4B-00C04F79EFBC}") = "CraftHub", "CraftHub\CraftHub.csproj", "{74FA69D5-10FD-478A-9132-8DD09BC9CBC3}"
EndProject
Global
	GlobalSection(SolutionConfigurationPlatforms) = preSolution
		Debug|Any CPU = Debug|Any CPU
		Release|Any CPU = Release|Any CPU
	EndGlobalSection
	GlobalSection(ProjectConfigurationPlatforms) = postSolution
		{74FA69D5-10FD-478A-9132-8DD09BC9CBC3}.Debug|Any CPU.ActiveCfg = Debug|Any CPU
		{74FA69D5-10FD-478A-9132-8DD09BC9CBC3}.Debug|Any CPU.Build.0 = Debug|Any CPU
		{74FA69D5-10FD-478A-9132-8DD09BC9CBC3}.Release|Any CPU.ActiveCfg = Release|Any CPU
		{74FA69D5-10FD-478A-9132-8DD09BC9CBC3}.Release|Any CPU.Build.0 = Release|Any CPU
	EndGlobalSection
	GlobalSection(SolutionProperties) = preSolution
		HideSolutionNode = FALSE
	EndGlobalSection
	GlobalSection(ExtensibilityGlobals) = postSolution
		SolutionGuid = {EEB01ED6-BC12-4F5B-843D-4E9B1F792CE0}
	EndGlobalSection
EndGlobal
